// !$*UTF8*$!
{
	archiveVersion = 1;
	classes = {
	};
	objectVersion = 46;
	objects = {

/* Begin PBXBuildFile section */
		1D3623260D0F684500981E51 /* AppDelegate.m in Sources */ = {isa = PBXBuildFile; fileRef = 1D3623250D0F684500981E51 /* AppDelegate.m */; };
		1D60589B0D05DD56006BFB54 /* main.m in Sources */ = {isa = PBXBuildFile; fileRef = 29B97316FDCFA39411CA2CEA /* main.m */; };
		1D60589F0D05DD5A006BFB54 /* Foundation.framework in Frameworks */ = {isa = PBXBuildFile; fileRef = 1D30AB110D05D00D00671497 /* Foundation.framework */; };
		1DF5F4E00D08C38300B7A737 /* UIKit.framework in Frameworks */ = {isa = PBXBuildFile; fileRef = 1DF5F4DF0D08C38300B7A737 /* UIKit.framework */; settings = {ATTRIBUTES = (Weak, ); }; };
		1F766FE113BBADB100FB74C0 /* Localizable.strings in Resources */ = {isa = PBXBuildFile; fileRef = 1F766FDC13BBADB100FB74C0 /* Localizable.strings */; };
		288765FD0DF74451002DB57D /* CoreGraphics.framework in Frameworks */ = {isa = PBXBuildFile; fileRef = 288765FC0DF74451002DB57D /* CoreGraphics.framework */; };
		301BF552109A68D80062928A /* libCordova.a in Frameworks */ = {isa = PBXBuildFile; fileRef = 301BF535109A57CC0062928A /* libCordova.a */; };
		301BF570109A69640062928A /* www in Resources */ = {isa = PBXBuildFile; fileRef = 301BF56E109A69640062928A /* www */; };
		301BF5B5109A6A2B0062928A /* AddressBook.framework in Frameworks */ = {isa = PBXBuildFile; fileRef = 301BF5B4109A6A2B0062928A /* AddressBook.framework */; };
		301BF5B7109A6A2B0062928A /* AddressBookUI.framework in Frameworks */ = {isa = PBXBuildFile; fileRef = 301BF5B6109A6A2B0062928A /* AddressBookUI.framework */; };
		301BF5B9109A6A2B0062928A /* AudioToolbox.framework in Frameworks */ = {isa = PBXBuildFile; fileRef = 301BF5B8109A6A2B0062928A /* AudioToolbox.framework */; };
		301BF5BB109A6A2B0062928A /* AVFoundation.framework in Frameworks */ = {isa = PBXBuildFile; fileRef = 301BF5BA109A6A2B0062928A /* AVFoundation.framework */; settings = {ATTRIBUTES = (Weak, ); }; };
		301BF5BD109A6A2B0062928A /* CFNetwork.framework in Frameworks */ = {isa = PBXBuildFile; fileRef = 301BF5BC109A6A2B0062928A /* CFNetwork.framework */; };
		301BF5BF109A6A2B0062928A /* CoreLocation.framework in Frameworks */ = {isa = PBXBuildFile; fileRef = 301BF5BE109A6A2B0062928A /* CoreLocation.framework */; };
		301BF5C1109A6A2B0062928A /* MediaPlayer.framework in Frameworks */ = {isa = PBXBuildFile; fileRef = 301BF5C0109A6A2B0062928A /* MediaPlayer.framework */; };
		301BF5C3109A6A2B0062928A /* QuartzCore.framework in Frameworks */ = {isa = PBXBuildFile; fileRef = 301BF5C2109A6A2B0062928A /* QuartzCore.framework */; };
		301BF5C5109A6A2B0062928A /* SystemConfiguration.framework in Frameworks */ = {isa = PBXBuildFile; fileRef = 301BF5C4109A6A2B0062928A /* SystemConfiguration.framework */; };
		302D95F114D2391D003F00A1 /* MainViewController.m in Sources */ = {isa = PBXBuildFile; fileRef = 302D95EF14D2391D003F00A1 /* MainViewController.m */; };
		302D95F214D2391D003F00A1 /* MainViewController.xib in Resources */ = {isa = PBXBuildFile; fileRef = 302D95F014D2391D003F00A1 /* MainViewController.xib */; };
		305D5FD1115AB8F900A74A75 /* MobileCoreServices.framework in Frameworks */ = {isa = PBXBuildFile; fileRef = 305D5FD0115AB8F900A74A75 /* MobileCoreServices.framework */; };
		3072F99713A8081B00425683 /* Capture.bundle in Resources */ = {isa = PBXBuildFile; fileRef = 3072F99613A8081B00425683 /* Capture.bundle */; };
		3088BBBD154F3926009F9C59 /* Default-Landscape@2x~ipad.png in Resources */ = {isa = PBXBuildFile; fileRef = 3088BBB7154F3926009F9C59 /* Default-Landscape@2x~ipad.png */; };
		3088BBBE154F3926009F9C59 /* Default-Landscape~ipad.png in Resources */ = {isa = PBXBuildFile; fileRef = 3088BBB8154F3926009F9C59 /* Default-Landscape~ipad.png */; };
		3088BBBF154F3926009F9C59 /* Default-Portrait@2x~ipad.png in Resources */ = {isa = PBXBuildFile; fileRef = 3088BBB9154F3926009F9C59 /* Default-Portrait@2x~ipad.png */; };
		3088BBC0154F3926009F9C59 /* Default-Portrait~ipad.png in Resources */ = {isa = PBXBuildFile; fileRef = 3088BBBA154F3926009F9C59 /* Default-Portrait~ipad.png */; };
		3088BBC1154F3926009F9C59 /* Default@2x~iphone.png in Resources */ = {isa = PBXBuildFile; fileRef = 3088BBBB154F3926009F9C59 /* Default@2x~iphone.png */; };
		3088BBC2154F3926009F9C59 /* Default~iphone.png in Resources */ = {isa = PBXBuildFile; fileRef = 3088BBBC154F3926009F9C59 /* Default~iphone.png */; };
		308D05371370CCF300D202BF /* icon-72.png in Resources */ = {isa = PBXBuildFile; fileRef = 308D052E1370CCF300D202BF /* icon-72.png */; };
		308D05381370CCF300D202BF /* icon.png in Resources */ = {isa = PBXBuildFile; fileRef = 308D052F1370CCF300D202BF /* icon.png */; };
		308D05391370CCF300D202BF /* icon@2x.png in Resources */ = {isa = PBXBuildFile; fileRef = 308D05301370CCF300D202BF /* icon@2x.png */; };
		30E1352710E2C1420031B30D /* Cordova.plist in Resources */ = {isa = PBXBuildFile; fileRef = 30E1352610E2C1420031B30D /* Cordova.plist */; };
		30E5649213A7FCAF007403D8 /* CoreMedia.framework in Frameworks */ = {isa = PBXBuildFile; fileRef = 30E5649113A7FCAF007403D8 /* CoreMedia.framework */; settings = {ATTRIBUTES = (Weak, ); }; };
		E438CE92176142EA00F01F10 /* base_reversi_astralia.png in Resources */ = {isa = PBXBuildFile; fileRef = E438CE89176142EA00F01F10 /* base_reversi_astralia.png */; };
		E438CE93176142EA00F01F10 /* base_reversi_astralia@2x.png in Resources */ = {isa = PBXBuildFile; fileRef = E438CE8A176142EA00F01F10 /* base_reversi_astralia@2x.png */; };
		E438CE94176142EA00F01F10 /* base_reversi_astralia@5.png in Resources */ = {isa = PBXBuildFile; fileRef = E438CE8B176142EA00F01F10 /* base_reversi_astralia@5.png */; };
		E438CE95176142EA00F01F10 /* base_reversi_brownfield.png in Resources */ = {isa = PBXBuildFile; fileRef = E438CE8C176142EA00F01F10 /* base_reversi_brownfield.png */; };
		E438CE96176142EA00F01F10 /* base_reversi_brownfield@2x.png in Resources */ = {isa = PBXBuildFile; fileRef = E438CE8D176142EA00F01F10 /* base_reversi_brownfield@2x.png */; };
		E438CE97176142EA00F01F10 /* base_reversi_brownfield@5.png in Resources */ = {isa = PBXBuildFile; fileRef = E438CE8E176142EA00F01F10 /* base_reversi_brownfield@5.png */; };
		E438CE98176142EA00F01F10 /* base_reversi_sunandsnow.png in Resources */ = {isa = PBXBuildFile; fileRef = E438CE8F176142EA00F01F10 /* base_reversi_sunandsnow.png */; };
		E438CE99176142EA00F01F10 /* base_reversi_sunandsnow@2x.png in Resources */ = {isa = PBXBuildFile; fileRef = E438CE90176142EA00F01F10 /* base_reversi_sunandsnow@2x.png */; };
		E438CE9A176142EA00F01F10 /* base_reversi_sunandsnow@5.png in Resources */ = {isa = PBXBuildFile; fileRef = E438CE91176142EA00F01F10 /* base_reversi_sunandsnow@5.png */; };
		E45F6C8B165D100300D1380A /* Default-568h@2x.png in Resources */ = {isa = PBXBuildFile; fileRef = E45F6C8A165D100300D1380A /* Default-568h@2x.png */; };
		E4889963163DA441002F80E8 /* README.md in Resources */ = {isa = PBXBuildFile; fileRef = E4889962163DA441002F80E8 /* README.md */; };
		E4889965163DA473002F80E8 /* .gitignore in Resources */ = {isa = PBXBuildFile; fileRef = E4889964163DA473002F80E8 /* .gitignore */; };
		E48899C2163DBAB0002F80E8 /* board.coffee in Resources */ = {isa = PBXBuildFile; fileRef = E488997E163DBAB0002F80E8 /* board.coffee */; };
		E48899C3163DBAB0002F80E8 /* game.coffee in Resources */ = {isa = PBXBuildFile; fileRef = E488997F163DBAB0002F80E8 /* game.coffee */; };
		E48899C4163DBAB0002F80E8 /* position.coffee in Resources */ = {isa = PBXBuildFile; fileRef = E4889980163DBAB0002F80E8 /* position.coffee */; };
		E48899C5163DBAB0002F80E8 /* reversi.coffee in Resources */ = {isa = PBXBuildFile; fileRef = E4889981163DBAB0002F80E8 /* reversi.coffee */; };
		E48899C6163DBAB0002F80E8 /* run.coffee in Resources */ = {isa = PBXBuildFile; fileRef = E4889982163DBAB0002F80E8 /* run.coffee */; };
		E48899C7163DBAB0002F80E8 /* utils.coffee in Resources */ = {isa = PBXBuildFile; fileRef = E4889983163DBAB0002F80E8 /* utils.coffee */; };
		E48899C8163DBAB0002F80E8 /* cordova-2.1.0.js in Sources */ = {isa = PBXBuildFile; fileRef = E4889984163DBAB0002F80E8 /* cordova-2.1.0.js */; };
		E48899C9163DBAB0002F80E8 /* fermo.css in Resources */ = {isa = PBXBuildFile; fileRef = E4889986163DBAB0002F80E8 /* fermo.css */; };
		E48899CA163DBAB0002F80E8 /* jquery.mobile.css in Resources */ = {isa = PBXBuildFile; fileRef = E4889987163DBAB0002F80E8 /* jquery.mobile.css */; };
		E48899CB163DBAB0002F80E8 /* reset.css in Resources */ = {isa = PBXBuildFile; fileRef = E4889988163DBAB0002F80E8 /* reset.css */; };
		E48899CC163DBAB0002F80E8 /* reversi.css in Resources */ = {isa = PBXBuildFile; fileRef = E4889989163DBAB0002F80E8 /* reversi.css */; };
		E48899CD163DBAB0002F80E8 /* ajax-loader.gif in Resources */ = {isa = PBXBuildFile; fileRef = E488998B163DBAB0002F80E8 /* ajax-loader.gif */; };
		E48899CE163DBAB0002F80E8 /* ajax-loader.png in Resources */ = {isa = PBXBuildFile; fileRef = E488998C163DBAB0002F80E8 /* ajax-loader.png */; };
		E48899D1163DBAB0002F80E8 /* empty_base.png in Resources */ = {isa = PBXBuildFile; fileRef = E488998F163DBAB0002F80E8 /* empty_base.png */; };
		E48899D2163DBAB0002F80E8 /* empty_base@2x.png in Resources */ = {isa = PBXBuildFile; fileRef = E4889990163DBAB0002F80E8 /* empty_base@2x.png */; };
		E48899D3163DBAB0002F80E8 /* icons-18-black.png in Resources */ = {isa = PBXBuildFile; fileRef = E4889991163DBAB0002F80E8 /* icons-18-black.png */; };
		E48899D4163DBAB0002F80E8 /* icons-18-white.png in Resources */ = {isa = PBXBuildFile; fileRef = E4889992163DBAB0002F80E8 /* icons-18-white.png */; };
		E48899D5163DBAB0002F80E8 /* icons-36-black.png in Resources */ = {isa = PBXBuildFile; fileRef = E4889993163DBAB0002F80E8 /* icons-36-black.png */; };
		E48899D6163DBAB0002F80E8 /* icons-36-white.png in Resources */ = {isa = PBXBuildFile; fileRef = E4889994163DBAB0002F80E8 /* icons-36-white.png */; };
		E48899D7163DBAB0002F80E8 /* nera.png in Resources */ = {isa = PBXBuildFile; fileRef = E4889995163DBAB0002F80E8 /* nera.png */; };
		E48899D8163DBAB0002F80E8 /* nera@2x.png in Resources */ = {isa = PBXBuildFile; fileRef = E4889996163DBAB0002F80E8 /* nera@2x.png */; };
		E48899D9163DBAB0002F80E8 /* rossa.png in Resources */ = {isa = PBXBuildFile; fileRef = E4889997163DBAB0002F80E8 /* rossa.png */; };
		E48899DA163DBAB0002F80E8 /* rossa@2x.png in Resources */ = {isa = PBXBuildFile; fileRef = E4889998163DBAB0002F80E8 /* rossa@2x.png */; };
		E48899DB163DBAB0002F80E8 /* index.html in Resources */ = {isa = PBXBuildFile; fileRef = E4889999163DBAB0002F80E8 /* index.html */; };
		E48899DC163DBAB0002F80E8 /* board.js in Sources */ = {isa = PBXBuildFile; fileRef = E488999B163DBAB0002F80E8 /* board.js */; };
		E48899DD163DBAB0002F80E8 /* game.js in Sources */ = {isa = PBXBuildFile; fileRef = E488999C163DBAB0002F80E8 /* game.js */; };
		E48899DE163DBAB0002F80E8 /* jquery-1.7.1.js in Sources */ = {isa = PBXBuildFile; fileRef = E488999D163DBAB0002F80E8 /* jquery-1.7.1.js */; };
		E48899DF163DBAB0002F80E8 /* jquery.mobile.js in Sources */ = {isa = PBXBuildFile; fileRef = E488999E163DBAB0002F80E8 /* jquery.mobile.js */; };
		E48899E0163DBAB0002F80E8 /* position.js in Sources */ = {isa = PBXBuildFile; fileRef = E488999F163DBAB0002F80E8 /* position.js */; };
		E48899E1163DBAB0002F80E8 /* reversi.js in Sources */ = {isa = PBXBuildFile; fileRef = E48899A0163DBAB0002F80E8 /* reversi.js */; };
		E48899E2163DBAB0002F80E8 /* reversi.js.prova in Resources */ = {isa = PBXBuildFile; fileRef = E48899A1163DBAB0002F80E8 /* reversi.js.prova */; };
		E48899E3163DBAB0002F80E8 /* reversi.old.js in Sources */ = {isa = PBXBuildFile; fileRef = E48899A2163DBAB0002F80E8 /* reversi.old.js */; };
		E48899E4163DBAB0002F80E8 /* reversi.test.js in Sources */ = {isa = PBXBuildFile; fileRef = E48899A3163DBAB0002F80E8 /* reversi.test.js */; };
		E48899E5163DBAB0002F80E8 /* run.js in Sources */ = {isa = PBXBuildFile; fileRef = E48899A4163DBAB0002F80E8 /* run.js */; };
		E48899E6163DBAB0002F80E8 /* utils.js in Sources */ = {isa = PBXBuildFile; fileRef = E48899A5163DBAB0002F80E8 /* utils.js */; };
		E48899EB163DBAB0002F80E8 /* screen-ipad-landscape-2x.png in Resources */ = {isa = PBXBuildFile; fileRef = E48899AF163DBAB0002F80E8 /* screen-ipad-landscape-2x.png */; };
		E48899EC163DBAB0002F80E8 /* screen-ipad-landscape.png in Resources */ = {isa = PBXBuildFile; fileRef = E48899B0163DBAB0002F80E8 /* screen-ipad-landscape.png */; };
		E48899ED163DBAB0002F80E8 /* screen-ipad-portrait-2x.png in Resources */ = {isa = PBXBuildFile; fileRef = E48899B1163DBAB0002F80E8 /* screen-ipad-portrait-2x.png */; };
		E48899EE163DBAB0002F80E8 /* screen-ipad-portrait.png in Resources */ = {isa = PBXBuildFile; fileRef = E48899B2163DBAB0002F80E8 /* screen-ipad-portrait.png */; };
		E48899EF163DBAB0002F80E8 /* screen-iphone-landscape-2x.png in Resources */ = {isa = PBXBuildFile; fileRef = E48899B3163DBAB0002F80E8 /* screen-iphone-landscape-2x.png */; };
		E48899F0163DBAB0002F80E8 /* screen-iphone-landscape.png in Resources */ = {isa = PBXBuildFile; fileRef = E48899B4163DBAB0002F80E8 /* screen-iphone-landscape.png */; };
		E48899F1163DBAB0002F80E8 /* screen-iphone-portrait-2x.png in Resources */ = {isa = PBXBuildFile; fileRef = E48899B5163DBAB0002F80E8 /* screen-iphone-portrait-2x.png */; };
		E48899F2163DBAB0002F80E8 /* screen-iphone-portrait.png in Resources */ = {isa = PBXBuildFile; fileRef = E48899B6163DBAB0002F80E8 /* screen-iphone-portrait.png */; };
		E48899F3163DBAB0002F80E8 /* reversi.manifest in Resources */ = {isa = PBXBuildFile; fileRef = E48899B7163DBAB0002F80E8 /* reversi.manifest */; };
		E48899F4163DBAB0002F80E8 /* helper.js in Sources */ = {isa = PBXBuildFile; fileRef = E48899B9163DBAB0002F80E8 /* helper.js */; };
		E48899F5163DBAB0002F80E8 /* index.js in Sources */ = {isa = PBXBuildFile; fileRef = E48899BA163DBAB0002F80E8 /* index.js */; };
		E48899F6163DBAB0002F80E8 /* jasmine-html.js in Sources */ = {isa = PBXBuildFile; fileRef = E48899BD163DBAB0002F80E8 /* jasmine-html.js */; };
		E48899F7163DBAB0002F80E8 /* jasmine.css in Resources */ = {isa = PBXBuildFile; fileRef = E48899BE163DBAB0002F80E8 /* jasmine.css */; };
		E48899F8163DBAB0002F80E8 /* jasmine.js in Sources */ = {isa = PBXBuildFile; fileRef = E48899BF163DBAB0002F80E8 /* jasmine.js */; };
		E48899F9163DBAB0002F80E8 /* MIT.LICENSE in Resources */ = {isa = PBXBuildFile; fileRef = E48899C0163DBAB0002F80E8 /* MIT.LICENSE */; };
		E48899FA163DBAB0002F80E8 /* spec.html in Resources */ = {isa = PBXBuildFile; fileRef = E48899C1163DBAB0002F80E8 /* spec.html */; };
/* End PBXBuildFile section */

/* Begin PBXContainerItemProxy section */
		301BF534109A57CC0062928A /* PBXContainerItemProxy */ = {
			isa = PBXContainerItemProxy;
			containerPortal = 301BF52D109A57CC0062928A /* CordovaLib.xcodeproj */;
			proxyType = 2;
			remoteGlobalIDString = D2AAC07E0554694100DB518D;
			remoteInfo = CordovaLib;
		};
		301BF550109A68C00062928A /* PBXContainerItemProxy */ = {
			isa = PBXContainerItemProxy;
			containerPortal = 301BF52D109A57CC0062928A /* CordovaLib.xcodeproj */;
			proxyType = 1;
			remoteGlobalIDString = D2AAC07D0554694100DB518D;
			remoteInfo = CordovaLib;
		};
/* End PBXContainerItemProxy section */

/* Begin PBXFileReference section */
		1D30AB110D05D00D00671497 /* Foundation.framework */ = {isa = PBXFileReference; lastKnownFileType = wrapper.framework; name = Foundation.framework; path = System/Library/Frameworks/Foundation.framework; sourceTree = SDKROOT; };
		1D3623240D0F684500981E51 /* AppDelegate.h */ = {isa = PBXFileReference; fileEncoding = 4; lastKnownFileType = sourcecode.c.h; path = AppDelegate.h; sourceTree = "<group>"; };
		1D3623250D0F684500981E51 /* AppDelegate.m */ = {isa = PBXFileReference; fileEncoding = 4; lastKnownFileType = sourcecode.c.objc; path = AppDelegate.m; sourceTree = "<group>"; };
		1D6058910D05DD3D006BFB54 /* FermoRev.app */ = {isa = PBXFileReference; explicitFileType = wrapper.application; includeInIndex = 0; path = FermoRev.app; sourceTree = BUILT_PRODUCTS_DIR; };
		1DF5F4DF0D08C38300B7A737 /* UIKit.framework */ = {isa = PBXFileReference; lastKnownFileType = wrapper.framework; name = UIKit.framework; path = System/Library/Frameworks/UIKit.framework; sourceTree = SDKROOT; };
		1F766FDD13BBADB100FB74C0 /* en */ = {isa = PBXFileReference; lastKnownFileType = text.plist.strings; name = en; path = Localizable.strings; sourceTree = "<group>"; };
		288765FC0DF74451002DB57D /* CoreGraphics.framework */ = {isa = PBXFileReference; lastKnownFileType = wrapper.framework; name = CoreGraphics.framework; path = System/Library/Frameworks/CoreGraphics.framework; sourceTree = SDKROOT; };
		29B97316FDCFA39411CA2CEA /* main.m */ = {isa = PBXFileReference; fileEncoding = 4; lastKnownFileType = sourcecode.c.objc; path = main.m; sourceTree = "<group>"; };
		301BF52D109A57CC0062928A /* CordovaLib.xcodeproj */ = {isa = PBXFileReference; lastKnownFileType = "wrapper.pb-project"; name = CordovaLib.xcodeproj; path = ../phonegap/lib/ios/CordovaLib/CordovaLib.xcodeproj; sourceTree = "<group>"; };
		301BF56E109A69640062928A /* www */ = {isa = PBXFileReference; lastKnownFileType = folder; path = www; sourceTree = SOURCE_ROOT; };
		301BF5B4109A6A2B0062928A /* AddressBook.framework */ = {isa = PBXFileReference; lastKnownFileType = wrapper.framework; name = AddressBook.framework; path = System/Library/Frameworks/AddressBook.framework; sourceTree = SDKROOT; };
		301BF5B6109A6A2B0062928A /* AddressBookUI.framework */ = {isa = PBXFileReference; lastKnownFileType = wrapper.framework; name = AddressBookUI.framework; path = System/Library/Frameworks/AddressBookUI.framework; sourceTree = SDKROOT; };
		301BF5B8109A6A2B0062928A /* AudioToolbox.framework */ = {isa = PBXFileReference; lastKnownFileType = wrapper.framework; name = AudioToolbox.framework; path = System/Library/Frameworks/AudioToolbox.framework; sourceTree = SDKROOT; };
		301BF5BA109A6A2B0062928A /* AVFoundation.framework */ = {isa = PBXFileReference; lastKnownFileType = wrapper.framework; name = AVFoundation.framework; path = System/Library/Frameworks/AVFoundation.framework; sourceTree = SDKROOT; };
		301BF5BC109A6A2B0062928A /* CFNetwork.framework */ = {isa = PBXFileReference; lastKnownFileType = wrapper.framework; name = CFNetwork.framework; path = System/Library/Frameworks/CFNetwork.framework; sourceTree = SDKROOT; };
		301BF5BE109A6A2B0062928A /* CoreLocation.framework */ = {isa = PBXFileReference; lastKnownFileType = wrapper.framework; name = CoreLocation.framework; path = System/Library/Frameworks/CoreLocation.framework; sourceTree = SDKROOT; };
		301BF5C0109A6A2B0062928A /* MediaPlayer.framework */ = {isa = PBXFileReference; lastKnownFileType = wrapper.framework; name = MediaPlayer.framework; path = System/Library/Frameworks/MediaPlayer.framework; sourceTree = SDKROOT; };
		301BF5C2109A6A2B0062928A /* QuartzCore.framework */ = {isa = PBXFileReference; lastKnownFileType = wrapper.framework; name = QuartzCore.framework; path = System/Library/Frameworks/QuartzCore.framework; sourceTree = SDKROOT; };
		301BF5C4109A6A2B0062928A /* SystemConfiguration.framework */ = {isa = PBXFileReference; lastKnownFileType = wrapper.framework; name = SystemConfiguration.framework; path = System/Library/Frameworks/SystemConfiguration.framework; sourceTree = SDKROOT; };
		302D95EE14D2391D003F00A1 /* MainViewController.h */ = {isa = PBXFileReference; fileEncoding = 4; lastKnownFileType = sourcecode.c.h; path = MainViewController.h; sourceTree = "<group>"; };
		302D95EF14D2391D003F00A1 /* MainViewController.m */ = {isa = PBXFileReference; fileEncoding = 4; lastKnownFileType = sourcecode.c.objc; path = MainViewController.m; sourceTree = "<group>"; };
		302D95F014D2391D003F00A1 /* MainViewController.xib */ = {isa = PBXFileReference; fileEncoding = 4; lastKnownFileType = file.xib; path = MainViewController.xib; sourceTree = "<group>"; };
		305D5FD0115AB8F900A74A75 /* MobileCoreServices.framework */ = {isa = PBXFileReference; lastKnownFileType = wrapper.framework; name = MobileCoreServices.framework; path = System/Library/Frameworks/MobileCoreServices.framework; sourceTree = SDKROOT; };
		3072F99613A8081B00425683 /* Capture.bundle */ = {isa = PBXFileReference; lastKnownFileType = "wrapper.plug-in"; path = Capture.bundle; sourceTree = "<group>"; };
		307D28A1123043350040C0FA /* CordovaBuildSettings.xcconfig */ = {isa = PBXFileReference; fileEncoding = 4; lastKnownFileType = text.xcconfig; name = CordovaBuildSettings.xcconfig; path = ../CordovaBuildSettings.xcconfig; sourceTree = "<group>"; };
		3088BBB7154F3926009F9C59 /* Default-Landscape@2x~ipad.png */ = {isa = PBXFileReference; lastKnownFileType = image.png; path = "Default-Landscape@2x~ipad.png"; sourceTree = "<group>"; };
		3088BBB8154F3926009F9C59 /* Default-Landscape~ipad.png */ = {isa = PBXFileReference; lastKnownFileType = image.png; path = "Default-Landscape~ipad.png"; sourceTree = "<group>"; };
		3088BBB9154F3926009F9C59 /* Default-Portrait@2x~ipad.png */ = {isa = PBXFileReference; lastKnownFileType = image.png; path = "Default-Portrait@2x~ipad.png"; sourceTree = "<group>"; };
		3088BBBA154F3926009F9C59 /* Default-Portrait~ipad.png */ = {isa = PBXFileReference; lastKnownFileType = image.png; path = "Default-Portrait~ipad.png"; sourceTree = "<group>"; };
		3088BBBB154F3926009F9C59 /* Default@2x~iphone.png */ = {isa = PBXFileReference; lastKnownFileType = image.png; path = "Default@2x~iphone.png"; sourceTree = "<group>"; };
		3088BBBC154F3926009F9C59 /* Default~iphone.png */ = {isa = PBXFileReference; lastKnownFileType = image.png; path = "Default~iphone.png"; sourceTree = "<group>"; };
		308D052E1370CCF300D202BF /* icon-72.png */ = {isa = PBXFileReference; lastKnownFileType = image.png; path = "icon-72.png"; sourceTree = "<group>"; };
		308D052F1370CCF300D202BF /* icon.png */ = {isa = PBXFileReference; lastKnownFileType = image.png; path = icon.png; sourceTree = "<group>"; };
		308D05301370CCF300D202BF /* icon@2x.png */ = {isa = PBXFileReference; lastKnownFileType = image.png; path = "icon@2x.png"; sourceTree = "<group>"; };
		30E1352610E2C1420031B30D /* Cordova.plist */ = {isa = PBXFileReference; fileEncoding = 4; lastKnownFileType = text.plist.xml; name = Cordova.plist; path = ../Cordova.plist; sourceTree = "<group>"; };
		30E5649113A7FCAF007403D8 /* CoreMedia.framework */ = {isa = PBXFileReference; lastKnownFileType = wrapper.framework; name = CoreMedia.framework; path = System/Library/Frameworks/CoreMedia.framework; sourceTree = SDKROOT; };
		32CA4F630368D1EE00C91783 /* FermoRev-Prefix.pch */ = {isa = PBXFileReference; fileEncoding = 4; lastKnownFileType = sourcecode.c.h; path = "FermoRev-Prefix.pch"; sourceTree = "<group>"; };
		8D1107310486CEB800E47090 /* FermoRev-Info.plist */ = {isa = PBXFileReference; fileEncoding = 4; lastKnownFileType = text.plist.xml; name = "FermoRev-Info.plist"; path = "../FermoRev-Info.plist"; plistStructureDefinitionIdentifier = "com.apple.xcode.plist.structure-definition.iphone.info-plist"; sourceTree = "<group>"; };
		E438CE89176142EA00F01F10 /* base_reversi_astralia.png */ = {isa = PBXFileReference; lastKnownFileType = image.png; path = base_reversi_astralia.png; sourceTree = "<group>"; };
		E438CE8A176142EA00F01F10 /* base_reversi_astralia@2x.png */ = {isa = PBXFileReference; lastKnownFileType = image.png; path = "base_reversi_astralia@2x.png"; sourceTree = "<group>"; };
		E438CE8B176142EA00F01F10 /* base_reversi_astralia@5.png */ = {isa = PBXFileReference; lastKnownFileType = image.png; path = "base_reversi_astralia@5.png"; sourceTree = "<group>"; };
		E438CE8C176142EA00F01F10 /* base_reversi_brownfield.png */ = {isa = PBXFileReference; lastKnownFileType = image.png; path = base_reversi_brownfield.png; sourceTree = "<group>"; };
		E438CE8D176142EA00F01F10 /* base_reversi_brownfield@2x.png */ = {isa = PBXFileReference; lastKnownFileType = image.png; path = "base_reversi_brownfield@2x.png"; sourceTree = "<group>"; };
		E438CE8E176142EA00F01F10 /* base_reversi_brownfield@5.png */ = {isa = PBXFileReference; lastKnownFileType = image.png; path = "base_reversi_brownfield@5.png"; sourceTree = "<group>"; };
		E438CE8F176142EA00F01F10 /* base_reversi_sunandsnow.png */ = {isa = PBXFileReference; lastKnownFileType = image.png; path = base_reversi_sunandsnow.png; sourceTree = "<group>"; };
		E438CE90176142EA00F01F10 /* base_reversi_sunandsnow@2x.png */ = {isa = PBXFileReference; lastKnownFileType = image.png; path = "base_reversi_sunandsnow@2x.png"; sourceTree = "<group>"; };
		E438CE91176142EA00F01F10 /* base_reversi_sunandsnow@5.png */ = {isa = PBXFileReference; lastKnownFileType = image.png; path = "base_reversi_sunandsnow@5.png"; sourceTree = "<group>"; };
		E45F6C8A165D100300D1380A /* Default-568h@2x.png */ = {isa = PBXFileReference; lastKnownFileType = image.png; name = "Default-568h@2x.png"; path = "../../../Default-568h@2x.png"; sourceTree = "<group>"; };
		E4889962163DA441002F80E8 /* README.md */ = {isa = PBXFileReference; fileEncoding = 4; lastKnownFileType = text; path = README.md; sourceTree = "<group>"; };
		E4889964163DA473002F80E8 /* .gitignore */ = {isa = PBXFileReference; fileEncoding = 4; lastKnownFileType = text; path = .gitignore; sourceTree = "<group>"; };
		E488997E163DBAB0002F80E8 /* board.coffee */ = {isa = PBXFileReference; fileEncoding = 4; lastKnownFileType = text; path = board.coffee; sourceTree = "<group>"; };
		E488997F163DBAB0002F80E8 /* game.coffee */ = {isa = PBXFileReference; fileEncoding = 4; lastKnownFileType = text; path = game.coffee; sourceTree = "<group>"; };
		E4889980163DBAB0002F80E8 /* position.coffee */ = {isa = PBXFileReference; fileEncoding = 4; lastKnownFileType = text; path = position.coffee; sourceTree = "<group>"; };
		E4889981163DBAB0002F80E8 /* reversi.coffee */ = {isa = PBXFileReference; fileEncoding = 4; lastKnownFileType = text; path = reversi.coffee; sourceTree = "<group>"; };
		E4889982163DBAB0002F80E8 /* run.coffee */ = {isa = PBXFileReference; fileEncoding = 4; lastKnownFileType = text; path = run.coffee; sourceTree = "<group>"; };
		E4889983163DBAB0002F80E8 /* utils.coffee */ = {isa = PBXFileReference; fileEncoding = 4; lastKnownFileType = text; path = utils.coffee; sourceTree = "<group>"; };
		E4889984163DBAB0002F80E8 /* cordova-2.1.0.js */ = {isa = PBXFileReference; fileEncoding = 4; lastKnownFileType = sourcecode.javascript; path = "cordova-2.1.0.js"; sourceTree = "<group>"; };
		E4889986163DBAB0002F80E8 /* fermo.css */ = {isa = PBXFileReference; fileEncoding = 4; lastKnownFileType = text.css; path = fermo.css; sourceTree = "<group>"; };
		E4889987163DBAB0002F80E8 /* jquery.mobile.css */ = {isa = PBXFileReference; fileEncoding = 4; lastKnownFileType = text.css; path = jquery.mobile.css; sourceTree = "<group>"; };
		E4889988163DBAB0002F80E8 /* reset.css */ = {isa = PBXFileReference; fileEncoding = 4; lastKnownFileType = text.css; path = reset.css; sourceTree = "<group>"; };
		E4889989163DBAB0002F80E8 /* reversi.css */ = {isa = PBXFileReference; fileEncoding = 4; lastKnownFileType = text.css; path = reversi.css; sourceTree = "<group>"; };
		E488998B163DBAB0002F80E8 /* ajax-loader.gif */ = {isa = PBXFileReference; lastKnownFileType = image.gif; path = "ajax-loader.gif"; sourceTree = "<group>"; };
		E488998C163DBAB0002F80E8 /* ajax-loader.png */ = {isa = PBXFileReference; lastKnownFileType = image.png; path = "ajax-loader.png"; sourceTree = "<group>"; };
		E488998F163DBAB0002F80E8 /* empty_base.png */ = {isa = PBXFileReference; lastKnownFileType = image.png; path = empty_base.png; sourceTree = "<group>"; };
		E4889990163DBAB0002F80E8 /* empty_base@2x.png */ = {isa = PBXFileReference; lastKnownFileType = image.png; path = "empty_base@2x.png"; sourceTree = "<group>"; };
		E4889991163DBAB0002F80E8 /* icons-18-black.png */ = {isa = PBXFileReference; lastKnownFileType = image.png; path = "icons-18-black.png"; sourceTree = "<group>"; };
		E4889992163DBAB0002F80E8 /* icons-18-white.png */ = {isa = PBXFileReference; lastKnownFileType = image.png; path = "icons-18-white.png"; sourceTree = "<group>"; };
		E4889993163DBAB0002F80E8 /* icons-36-black.png */ = {isa = PBXFileReference; lastKnownFileType = image.png; path = "icons-36-black.png"; sourceTree = "<group>"; };
		E4889994163DBAB0002F80E8 /* icons-36-white.png */ = {isa = PBXFileReference; lastKnownFileType = image.png; path = "icons-36-white.png"; sourceTree = "<group>"; };
		E4889995163DBAB0002F80E8 /* nera.png */ = {isa = PBXFileReference; lastKnownFileType = image.png; path = nera.png; sourceTree = "<group>"; };
		E4889996163DBAB0002F80E8 /* nera@2x.png */ = {isa = PBXFileReference; lastKnownFileType = image.png; path = "nera@2x.png"; sourceTree = "<group>"; };
		E4889997163DBAB0002F80E8 /* rossa.png */ = {isa = PBXFileReference; lastKnownFileType = image.png; path = rossa.png; sourceTree = "<group>"; };
		E4889998163DBAB0002F80E8 /* rossa@2x.png */ = {isa = PBXFileReference; lastKnownFileType = image.png; path = "rossa@2x.png"; sourceTree = "<group>"; };
		E4889999163DBAB0002F80E8 /* index.html */ = {isa = PBXFileReference; fileEncoding = 4; lastKnownFileType = text.html; path = index.html; sourceTree = "<group>"; };
		E488999B163DBAB0002F80E8 /* board.js */ = {isa = PBXFileReference; fileEncoding = 4; lastKnownFileType = sourcecode.javascript; path = board.js; sourceTree = "<group>"; };
		E488999C163DBAB0002F80E8 /* game.js */ = {isa = PBXFileReference; fileEncoding = 4; lastKnownFileType = sourcecode.javascript; path = game.js; sourceTree = "<group>"; };
		E488999D163DBAB0002F80E8 /* jquery-1.7.1.js */ = {isa = PBXFileReference; fileEncoding = 4; lastKnownFileType = sourcecode.javascript; path = "jquery-1.7.1.js"; sourceTree = "<group>"; };
		E488999E163DBAB0002F80E8 /* jquery.mobile.js */ = {isa = PBXFileReference; fileEncoding = 4; lastKnownFileType = sourcecode.javascript; path = jquery.mobile.js; sourceTree = "<group>"; };
		E488999F163DBAB0002F80E8 /* position.js */ = {isa = PBXFileReference; fileEncoding = 4; lastKnownFileType = sourcecode.javascript; path = position.js; sourceTree = "<group>"; };
		E48899A0163DBAB0002F80E8 /* reversi.js */ = {isa = PBXFileReference; fileEncoding = 4; lastKnownFileType = sourcecode.javascript; path = reversi.js; sourceTree = "<group>"; };
		E48899A1163DBAB0002F80E8 /* reversi.js.prova */ = {isa = PBXFileReference; fileEncoding = 4; lastKnownFileType = text; path = reversi.js.prova; sourceTree = "<group>"; };
		E48899A2163DBAB0002F80E8 /* reversi.old.js */ = {isa = PBXFileReference; fileEncoding = 4; lastKnownFileType = sourcecode.javascript; path = reversi.old.js; sourceTree = "<group>"; };
		E48899A3163DBAB0002F80E8 /* reversi.test.js */ = {isa = PBXFileReference; fileEncoding = 4; lastKnownFileType = sourcecode.javascript; path = reversi.test.js; sourceTree = "<group>"; };
		E48899A4163DBAB0002F80E8 /* run.js */ = {isa = PBXFileReference; fileEncoding = 4; lastKnownFileType = sourcecode.javascript; path = run.js; sourceTree = "<group>"; };
		E48899A5163DBAB0002F80E8 /* utils.js */ = {isa = PBXFileReference; fileEncoding = 4; lastKnownFileType = sourcecode.javascript; path = utils.js; sourceTree = "<group>"; };
		E48899AF163DBAB0002F80E8 /* screen-ipad-landscape-2x.png */ = {isa = PBXFileReference; lastKnownFileType = image.png; path = "screen-ipad-landscape-2x.png"; sourceTree = "<group>"; };
		E48899B0163DBAB0002F80E8 /* screen-ipad-landscape.png */ = {isa = PBXFileReference; lastKnownFileType = image.png; path = "screen-ipad-landscape.png"; sourceTree = "<group>"; };
		E48899B1163DBAB0002F80E8 /* screen-ipad-portrait-2x.png */ = {isa = PBXFileReference; lastKnownFileType = image.png; path = "screen-ipad-portrait-2x.png"; sourceTree = "<group>"; };
		E48899B2163DBAB0002F80E8 /* screen-ipad-portrait.png */ = {isa = PBXFileReference; lastKnownFileType = image.png; path = "screen-ipad-portrait.png"; sourceTree = "<group>"; };
		E48899B3163DBAB0002F80E8 /* screen-iphone-landscape-2x.png */ = {isa = PBXFileReference; lastKnownFileType = image.png; path = "screen-iphone-landscape-2x.png"; sourceTree = "<group>"; };
		E48899B4163DBAB0002F80E8 /* screen-iphone-landscape.png */ = {isa = PBXFileReference; lastKnownFileType = image.png; path = "screen-iphone-landscape.png"; sourceTree = "<group>"; };
		E48899B5163DBAB0002F80E8 /* screen-iphone-portrait-2x.png */ = {isa = PBXFileReference; lastKnownFileType = image.png; path = "screen-iphone-portrait-2x.png"; sourceTree = "<group>"; };
		E48899B6163DBAB0002F80E8 /* screen-iphone-portrait.png */ = {isa = PBXFileReference; lastKnownFileType = image.png; path = "screen-iphone-portrait.png"; sourceTree = "<group>"; };
		E48899B7163DBAB0002F80E8 /* reversi.manifest */ = {isa = PBXFileReference; fileEncoding = 4; lastKnownFileType = text; path = reversi.manifest; sourceTree = "<group>"; };
		E48899B9163DBAB0002F80E8 /* helper.js */ = {isa = PBXFileReference; fileEncoding = 4; lastKnownFileType = sourcecode.javascript; path = helper.js; sourceTree = "<group>"; };
		E48899BA163DBAB0002F80E8 /* index.js */ = {isa = PBXFileReference; fileEncoding = 4; lastKnownFileType = sourcecode.javascript; path = index.js; sourceTree = "<group>"; };
		E48899BD163DBAB0002F80E8 /* jasmine-html.js */ = {isa = PBXFileReference; fileEncoding = 4; lastKnownFileType = sourcecode.javascript; path = "jasmine-html.js"; sourceTree = "<group>"; };
		E48899BE163DBAB0002F80E8 /* jasmine.css */ = {isa = PBXFileReference; fileEncoding = 4; lastKnownFileType = text.css; path = jasmine.css; sourceTree = "<group>"; };
		E48899BF163DBAB0002F80E8 /* jasmine.js */ = {isa = PBXFileReference; fileEncoding = 4; lastKnownFileType = sourcecode.javascript; path = jasmine.js; sourceTree = "<group>"; };
		E48899C0163DBAB0002F80E8 /* MIT.LICENSE */ = {isa = PBXFileReference; fileEncoding = 4; lastKnownFileType = text; path = MIT.LICENSE; sourceTree = "<group>"; };
		E48899C1163DBAB0002F80E8 /* spec.html */ = {isa = PBXFileReference; fileEncoding = 4; lastKnownFileType = text.html; path = spec.html; sourceTree = "<group>"; };
/* End PBXFileReference section */

/* Begin PBXFrameworksBuildPhase section */
		1D60588F0D05DD3D006BFB54 /* Frameworks */ = {
			isa = PBXFrameworksBuildPhase;
			buildActionMask = 2147483647;
			files = (
				301BF552109A68D80062928A /* libCordova.a in Frameworks */,
				1D60589F0D05DD5A006BFB54 /* Foundation.framework in Frameworks */,
				1DF5F4E00D08C38300B7A737 /* UIKit.framework in Frameworks */,
				288765FD0DF74451002DB57D /* CoreGraphics.framework in Frameworks */,
				301BF5B5109A6A2B0062928A /* AddressBook.framework in Frameworks */,
				301BF5B7109A6A2B0062928A /* AddressBookUI.framework in Frameworks */,
				301BF5B9109A6A2B0062928A /* AudioToolbox.framework in Frameworks */,
				301BF5BB109A6A2B0062928A /* AVFoundation.framework in Frameworks */,
				301BF5BD109A6A2B0062928A /* CFNetwork.framework in Frameworks */,
				301BF5BF109A6A2B0062928A /* CoreLocation.framework in Frameworks */,
				301BF5C1109A6A2B0062928A /* MediaPlayer.framework in Frameworks */,
				301BF5C3109A6A2B0062928A /* QuartzCore.framework in Frameworks */,
				301BF5C5109A6A2B0062928A /* SystemConfiguration.framework in Frameworks */,
				305D5FD1115AB8F900A74A75 /* MobileCoreServices.framework in Frameworks */,
				30E5649213A7FCAF007403D8 /* CoreMedia.framework in Frameworks */,
			);
			runOnlyForDeploymentPostprocessing = 0;
		};
/* End PBXFrameworksBuildPhase section */

/* Begin PBXGroup section */
		080E96DDFE201D6D7F000001 /* Classes */ = {
			isa = PBXGroup;
			children = (
				302D95EE14D2391D003F00A1 /* MainViewController.h */,
				302D95EF14D2391D003F00A1 /* MainViewController.m */,
				302D95F014D2391D003F00A1 /* MainViewController.xib */,
				1D3623240D0F684500981E51 /* AppDelegate.h */,
				1D3623250D0F684500981E51 /* AppDelegate.m */,
			);
			name = Classes;
			path = reversi/Classes;
			sourceTree = SOURCE_ROOT;
		};
		19C28FACFE9D520D11CA2CBB /* Products */ = {
			isa = PBXGroup;
			children = (
				1D6058910D05DD3D006BFB54 /* FermoRev.app */,
			);
			name = Products;
			sourceTree = "<group>";
		};
		1F766FDB13BBADB100FB74C0 /* en.lproj */ = {
			isa = PBXGroup;
			children = (
				1F766FDC13BBADB100FB74C0 /* Localizable.strings */,
			);
			path = en.lproj;
			sourceTree = "<group>";
		};
		1F766FDE13BBADB100FB74C0 /* es.lproj */ = {
			isa = PBXGroup;
			children = (
			);
			path = es.lproj;
			sourceTree = "<group>";
		};
		29B97314FDCFA39411CA2CEA /* CustomTemplate */ = {
			isa = PBXGroup;
			children = (
				E488997C163DBAB0002F80E8 /* www */,
				E4889964163DA473002F80E8 /* .gitignore */,
				E4889962163DA441002F80E8 /* README.md */,
				301BF56E109A69640062928A /* www */,
				301BF52D109A57CC0062928A /* CordovaLib.xcodeproj */,
				080E96DDFE201D6D7F000001 /* Classes */,
				307C750510C5A3420062BCA9 /* Plugins */,
				29B97315FDCFA39411CA2CEA /* Other Sources */,
				29B97317FDCFA39411CA2CEA /* Resources */,
				29B97323FDCFA39411CA2CEA /* Frameworks */,
				19C28FACFE9D520D11CA2CBB /* Products */,
			);
			name = CustomTemplate;
			sourceTree = "<group>";
		};
		29B97315FDCFA39411CA2CEA /* Other Sources */ = {
			isa = PBXGroup;
			children = (
				32CA4F630368D1EE00C91783 /* FermoRev-Prefix.pch */,
				29B97316FDCFA39411CA2CEA /* main.m */,
			);
			name = "Other Sources";
			path = reversi;
			sourceTree = "<group>";
		};
		29B97317FDCFA39411CA2CEA /* Resources */ = {
			isa = PBXGroup;
			children = (
				30A0434214DC770100060A13 /* de.lproj */,
				30A0434514DC770100060A13 /* se.lproj */,
				1F766FDB13BBADB100FB74C0 /* en.lproj */,
				1F766FDE13BBADB100FB74C0 /* es.lproj */,
				3072F99613A8081B00425683 /* Capture.bundle */,
				308D052D1370CCF300D202BF /* icons */,
				308D05311370CCF300D202BF /* splash */,
				30E1352610E2C1420031B30D /* Cordova.plist */,
				8D1107310486CEB800E47090 /* FermoRev-Info.plist */,
				307D28A1123043350040C0FA /* CordovaBuildSettings.xcconfig */,
			);
			name = Resources;
			path = reversi/Resources;
			sourceTree = "<group>";
		};
		29B97323FDCFA39411CA2CEA /* Frameworks */ = {
			isa = PBXGroup;
			children = (
				1DF5F4DF0D08C38300B7A737 /* UIKit.framework */,
				1D30AB110D05D00D00671497 /* Foundation.framework */,
				288765FC0DF74451002DB57D /* CoreGraphics.framework */,
				301BF5B4109A6A2B0062928A /* AddressBook.framework */,
				301BF5B6109A6A2B0062928A /* AddressBookUI.framework */,
				301BF5B8109A6A2B0062928A /* AudioToolbox.framework */,
				301BF5BA109A6A2B0062928A /* AVFoundation.framework */,
				301BF5BC109A6A2B0062928A /* CFNetwork.framework */,
				301BF5BE109A6A2B0062928A /* CoreLocation.framework */,
				301BF5C0109A6A2B0062928A /* MediaPlayer.framework */,
				301BF5C2109A6A2B0062928A /* QuartzCore.framework */,
				301BF5C4109A6A2B0062928A /* SystemConfiguration.framework */,
				305D5FD0115AB8F900A74A75 /* MobileCoreServices.framework */,
				30E5649113A7FCAF007403D8 /* CoreMedia.framework */,
			);
			name = Frameworks;
			sourceTree = "<group>";
		};
		301BF52E109A57CC0062928A /* Products */ = {
			isa = PBXGroup;
			children = (
				301BF535109A57CC0062928A /* libCordova.a */,
			);
			name = Products;
			sourceTree = "<group>";
		};
		307C750510C5A3420062BCA9 /* Plugins */ = {
			isa = PBXGroup;
			children = (
			);
			name = Plugins;
			path = reversi/Plugins;
			sourceTree = SOURCE_ROOT;
		};
		308D052D1370CCF300D202BF /* icons */ = {
			isa = PBXGroup;
			children = (
				308D052E1370CCF300D202BF /* icon-72.png */,
				308D052F1370CCF300D202BF /* icon.png */,
				308D05301370CCF300D202BF /* icon@2x.png */,
			);
			path = icons;
			sourceTree = "<group>";
		};
		308D05311370CCF300D202BF /* splash */ = {
			isa = PBXGroup;
			children = (
				E45F6C8A165D100300D1380A /* Default-568h@2x.png */,
				3088BBB7154F3926009F9C59 /* Default-Landscape@2x~ipad.png */,
				3088BBB8154F3926009F9C59 /* Default-Landscape~ipad.png */,
				3088BBB9154F3926009F9C59 /* Default-Portrait@2x~ipad.png */,
				3088BBBA154F3926009F9C59 /* Default-Portrait~ipad.png */,
				3088BBBB154F3926009F9C59 /* Default@2x~iphone.png */,
				3088BBBC154F3926009F9C59 /* Default~iphone.png */,
			);
			path = splash;
			sourceTree = "<group>";
		};
		30A0434214DC770100060A13 /* de.lproj */ = {
			isa = PBXGroup;
			children = (
			);
			path = de.lproj;
			sourceTree = "<group>";
		};
		30A0434514DC770100060A13 /* se.lproj */ = {
			isa = PBXGroup;
			children = (
			);
			path = se.lproj;
			sourceTree = "<group>";
		};
		E488997C163DBAB0002F80E8 /* www */ = {
			isa = PBXGroup;
			children = (
				E488997D163DBAB0002F80E8 /* coffee */,
				E4889984163DBAB0002F80E8 /* cordova-2.1.0.js */,
				E4889985163DBAB0002F80E8 /* css */,
				E488998A163DBAB0002F80E8 /* img */,
				E4889999163DBAB0002F80E8 /* index.html */,
				E488999A163DBAB0002F80E8 /* js */,
				E48899A6163DBAB0002F80E8 /* res */,
				E48899B7163DBAB0002F80E8 /* reversi.manifest */,
				E48899B8163DBAB0002F80E8 /* spec */,
				E48899C1163DBAB0002F80E8 /* spec.html */,
			);
			path = www;
			sourceTree = "<group>";
		};
		E488997D163DBAB0002F80E8 /* coffee */ = {
			isa = PBXGroup;
			children = (
				E488997E163DBAB0002F80E8 /* board.coffee */,
				E488997F163DBAB0002F80E8 /* game.coffee */,
				E4889980163DBAB0002F80E8 /* position.coffee */,
				E4889981163DBAB0002F80E8 /* reversi.coffee */,
				E4889982163DBAB0002F80E8 /* run.coffee */,
				E4889983163DBAB0002F80E8 /* utils.coffee */,
			);
			path = coffee;
			sourceTree = "<group>";
		};
		E4889985163DBAB0002F80E8 /* css */ = {
			isa = PBXGroup;
			children = (
				E4889986163DBAB0002F80E8 /* fermo.css */,
				E4889987163DBAB0002F80E8 /* jquery.mobile.css */,
				E4889988163DBAB0002F80E8 /* reset.css */,
				E4889989163DBAB0002F80E8 /* reversi.css */,
			);
			path = css;
			sourceTree = "<group>";
		};
		E488998A163DBAB0002F80E8 /* img */ = {
			isa = PBXGroup;
			children = (
				E438CE89176142EA00F01F10 /* base_reversi_astralia.png */,
				E438CE8A176142EA00F01F10 /* base_reversi_astralia@2x.png */,
				E438CE8B176142EA00F01F10 /* base_reversi_astralia@5.png */,
				E438CE8C176142EA00F01F10 /* base_reversi_brownfield.png */,
				E438CE8D176142EA00F01F10 /* base_reversi_brownfield@2x.png */,
				E438CE8E176142EA00F01F10 /* base_reversi_brownfield@5.png */,
				E438CE8F176142EA00F01F10 /* base_reversi_sunandsnow.png */,
				E438CE90176142EA00F01F10 /* base_reversi_sunandsnow@2x.png */,
				E438CE91176142EA00F01F10 /* base_reversi_sunandsnow@5.png */,
				E488998B163DBAB0002F80E8 /* ajax-loader.gif */,
				E488998C163DBAB0002F80E8 /* ajax-loader.png */,
				E488998F163DBAB0002F80E8 /* empty_base.png */,
				E4889990163DBAB0002F80E8 /* empty_base@2x.png */,
				E4889991163DBAB0002F80E8 /* icons-18-black.png */,
				E4889992163DBAB0002F80E8 /* icons-18-white.png */,
				E4889993163DBAB0002F80E8 /* icons-36-black.png */,
				E4889994163DBAB0002F80E8 /* icons-36-white.png */,
				E4889995163DBAB0002F80E8 /* nera.png */,
				E4889996163DBAB0002F80E8 /* nera@2x.png */,
				E4889997163DBAB0002F80E8 /* rossa.png */,
				E4889998163DBAB0002F80E8 /* rossa@2x.png */,
			);
			path = img;
			sourceTree = "<group>";
		};
		E488999A163DBAB0002F80E8 /* js */ = {
			isa = PBXGroup;
			children = (
				E488999B163DBAB0002F80E8 /* board.js */,
				E488999C163DBAB0002F80E8 /* game.js */,
				E488999D163DBAB0002F80E8 /* jquery-1.7.1.js */,
				E488999E163DBAB0002F80E8 /* jquery.mobile.js */,
				E488999F163DBAB0002F80E8 /* position.js */,
				E48899A0163DBAB0002F80E8 /* reversi.js */,
				E48899A1163DBAB0002F80E8 /* reversi.js.prova */,
				E48899A2163DBAB0002F80E8 /* reversi.old.js */,
				E48899A3163DBAB0002F80E8 /* reversi.test.js */,
				E48899A4163DBAB0002F80E8 /* run.js */,
				E48899A5163DBAB0002F80E8 /* utils.js */,
			);
			path = js;
			sourceTree = "<group>";
		};
		E48899A6163DBAB0002F80E8 /* res */ = {
			isa = PBXGroup;
			children = (
				E48899A7163DBAB0002F80E8 /* icon */,
				E48899AD163DBAB0002F80E8 /* screen */,
			);
			path = res;
			sourceTree = "<group>";
		};
		E48899A7163DBAB0002F80E8 /* icon */ = {
			isa = PBXGroup;
			children = (
				E48899A8163DBAB0002F80E8 /* ios */,
			);
			path = icon;
			sourceTree = "<group>";
		};
		E48899A8163DBAB0002F80E8 /* ios */ = {
			isa = PBXGroup;
			children = (
			);
			path = ios;
			sourceTree = "<group>";
		};
		E48899AD163DBAB0002F80E8 /* screen */ = {
			isa = PBXGroup;
			children = (
				E48899AE163DBAB0002F80E8 /* ios */,
			);
			path = screen;
			sourceTree = "<group>";
		};
		E48899AE163DBAB0002F80E8 /* ios */ = {
			isa = PBXGroup;
			children = (
				E48899AF163DBAB0002F80E8 /* screen-ipad-landscape-2x.png */,
				E48899B0163DBAB0002F80E8 /* screen-ipad-landscape.png */,
				E48899B1163DBAB0002F80E8 /* screen-ipad-portrait-2x.png */,
				E48899B2163DBAB0002F80E8 /* screen-ipad-portrait.png */,
				E48899B3163DBAB0002F80E8 /* screen-iphone-landscape-2x.png */,
				E48899B4163DBAB0002F80E8 /* screen-iphone-landscape.png */,
				E48899B5163DBAB0002F80E8 /* screen-iphone-portrait-2x.png */,
				E48899B6163DBAB0002F80E8 /* screen-iphone-portrait.png */,
			);
			path = ios;
			sourceTree = "<group>";
		};
		E48899B8163DBAB0002F80E8 /* spec */ = {
			isa = PBXGroup;
			children = (
				E48899B9163DBAB0002F80E8 /* helper.js */,
				E48899BA163DBAB0002F80E8 /* index.js */,
				E48899BB163DBAB0002F80E8 /* lib */,
			);
			path = spec;
			sourceTree = "<group>";
		};
		E48899BB163DBAB0002F80E8 /* lib */ = {
			isa = PBXGroup;
			children = (
				E48899BC163DBAB0002F80E8 /* jasmine-1.2.0 */,
			);
			path = lib;
			sourceTree = "<group>";
		};
		E48899BC163DBAB0002F80E8 /* jasmine-1.2.0 */ = {
			isa = PBXGroup;
			children = (
				E48899BD163DBAB0002F80E8 /* jasmine-html.js */,
				E48899BE163DBAB0002F80E8 /* jasmine.css */,
				E48899BF163DBAB0002F80E8 /* jasmine.js */,
				E48899C0163DBAB0002F80E8 /* MIT.LICENSE */,
			);
			path = "jasmine-1.2.0";
			sourceTree = "<group>";
		};
/* End PBXGroup section */

/* Begin PBXNativeTarget section */
		1D6058900D05DD3D006BFB54 /* FermoRev */ = {
			isa = PBXNativeTarget;
			buildConfigurationList = 1D6058960D05DD3E006BFB54 /* Build configuration list for PBXNativeTarget "FermoRev" */;
			buildPhases = (
				304B58A110DAC018002A0835 /* Touch www folder */,
				1D60588D0D05DD3D006BFB54 /* Resources */,
				1D60588E0D05DD3D006BFB54 /* Sources */,
				1D60588F0D05DD3D006BFB54 /* Frameworks */,
			);
			buildRules = (
			);
			dependencies = (
				301BF551109A68C00062928A /* PBXTargetDependency */,
			);
			name = FermoRev;
			productName = reversi;
			productReference = 1D6058910D05DD3D006BFB54 /* FermoRev.app */;
			productType = "com.apple.product-type.application";
		};
/* End PBXNativeTarget section */

/* Begin PBXProject section */
		29B97313FDCFA39411CA2CEA /* Project object */ = {
			isa = PBXProject;
			attributes = {
				LastUpgradeCheck = 0460;
			};
			buildConfigurationList = C01FCF4E08A954540054247B /* Build configuration list for PBXProject "FermoRev" */;
			compatibilityVersion = "Xcode 3.2";
			developmentRegion = English;
			hasScannedForEncodings = 1;
			knownRegions = (
				English,
				Japanese,
				French,
				German,
				en,
				es,
				de,
				se,
			);
			mainGroup = 29B97314FDCFA39411CA2CEA /* CustomTemplate */;
			projectDirPath = "";
			projectReferences = (
				{
					ProductGroup = 301BF52E109A57CC0062928A /* Products */;
					ProjectRef = 301BF52D109A57CC0062928A /* CordovaLib.xcodeproj */;
				},
			);
			projectRoot = "";
			targets = (
				1D6058900D05DD3D006BFB54 /* FermoRev */,
			);
		};
/* End PBXProject section */

/* Begin PBXReferenceProxy section */
		301BF535109A57CC0062928A /* libCordova.a */ = {
			isa = PBXReferenceProxy;
			fileType = archive.ar;
			path = libCordova.a;
			remoteRef = 301BF534109A57CC0062928A /* PBXContainerItemProxy */;
			sourceTree = BUILT_PRODUCTS_DIR;
		};
/* End PBXReferenceProxy section */

/* Begin PBXResourcesBuildPhase section */
		1D60588D0D05DD3D006BFB54 /* Resources */ = {
			isa = PBXResourcesBuildPhase;
			buildActionMask = 2147483647;
			files = (
				301BF570109A69640062928A /* www in Resources */,
				30E1352710E2C1420031B30D /* Cordova.plist in Resources */,
				308D05371370CCF300D202BF /* icon-72.png in Resources */,
				308D05381370CCF300D202BF /* icon.png in Resources */,
				308D05391370CCF300D202BF /* icon@2x.png in Resources */,
				3072F99713A8081B00425683 /* Capture.bundle in Resources */,
				1F766FE113BBADB100FB74C0 /* Localizable.strings in Resources */,
				302D95F214D2391D003F00A1 /* MainViewController.xib in Resources */,
				3088BBBD154F3926009F9C59 /* Default-Landscape@2x~ipad.png in Resources */,
				3088BBBE154F3926009F9C59 /* Default-Landscape~ipad.png in Resources */,
				3088BBBF154F3926009F9C59 /* Default-Portrait@2x~ipad.png in Resources */,
				3088BBC0154F3926009F9C59 /* Default-Portrait~ipad.png in Resources */,
				3088BBC1154F3926009F9C59 /* Default@2x~iphone.png in Resources */,
				3088BBC2154F3926009F9C59 /* Default~iphone.png in Resources */,
				E4889963163DA441002F80E8 /* README.md in Resources */,
				E4889965163DA473002F80E8 /* .gitignore in Resources */,
				E48899C2163DBAB0002F80E8 /* board.coffee in Resources */,
				E48899C3163DBAB0002F80E8 /* game.coffee in Resources */,
				E48899C4163DBAB0002F80E8 /* position.coffee in Resources */,
				E48899C5163DBAB0002F80E8 /* reversi.coffee in Resources */,
				E48899C6163DBAB0002F80E8 /* run.coffee in Resources */,
				E48899C7163DBAB0002F80E8 /* utils.coffee in Resources */,
				E48899C9163DBAB0002F80E8 /* fermo.css in Resources */,
				E48899CA163DBAB0002F80E8 /* jquery.mobile.css in Resources */,
				E48899CB163DBAB0002F80E8 /* reset.css in Resources */,
				E48899CC163DBAB0002F80E8 /* reversi.css in Resources */,
				E48899CD163DBAB0002F80E8 /* ajax-loader.gif in Resources */,
				E48899CE163DBAB0002F80E8 /* ajax-loader.png in Resources */,
				E48899D1163DBAB0002F80E8 /* empty_base.png in Resources */,
				E48899D2163DBAB0002F80E8 /* empty_base@2x.png in Resources */,
				E48899D3163DBAB0002F80E8 /* icons-18-black.png in Resources */,
				E48899D4163DBAB0002F80E8 /* icons-18-white.png in Resources */,
				E48899D5163DBAB0002F80E8 /* icons-36-black.png in Resources */,
				E48899D6163DBAB0002F80E8 /* icons-36-white.png in Resources */,
				E48899D7163DBAB0002F80E8 /* nera.png in Resources */,
				E48899D8163DBAB0002F80E8 /* nera@2x.png in Resources */,
				E48899D9163DBAB0002F80E8 /* rossa.png in Resources */,
				E48899DA163DBAB0002F80E8 /* rossa@2x.png in Resources */,
				E48899DB163DBAB0002F80E8 /* index.html in Resources */,
				E48899E2163DBAB0002F80E8 /* reversi.js.prova in Resources */,
				E48899EB163DBAB0002F80E8 /* screen-ipad-landscape-2x.png in Resources */,
				E48899EC163DBAB0002F80E8 /* screen-ipad-landscape.png in Resources */,
				E48899ED163DBAB0002F80E8 /* screen-ipad-portrait-2x.png in Resources */,
				E48899EE163DBAB0002F80E8 /* screen-ipad-portrait.png in Resources */,
				E48899EF163DBAB0002F80E8 /* screen-iphone-landscape-2x.png in Resources */,
				E48899F0163DBAB0002F80E8 /* screen-iphone-landscape.png in Resources */,
				E48899F1163DBAB0002F80E8 /* screen-iphone-portrait-2x.png in Resources */,
				E48899F2163DBAB0002F80E8 /* screen-iphone-portrait.png in Resources */,
				E48899F3163DBAB0002F80E8 /* reversi.manifest in Resources */,
				E48899F7163DBAB0002F80E8 /* jasmine.css in Resources */,
				E48899F9163DBAB0002F80E8 /* MIT.LICENSE in Resources */,
				E48899FA163DBAB0002F80E8 /* spec.html in Resources */,
				E45F6C8B165D100300D1380A /* Default-568h@2x.png in Resources */,
				E438CE92176142EA00F01F10 /* base_reversi_astralia.png in Resources */,
				E438CE93176142EA00F01F10 /* base_reversi_astralia@2x.png in Resources */,
				E438CE94176142EA00F01F10 /* base_reversi_astralia@5.png in Resources */,
				E438CE95176142EA00F01F10 /* base_reversi_brownfield.png in Resources */,
				E438CE96176142EA00F01F10 /* base_reversi_brownfield@2x.png in Resources */,
				E438CE97176142EA00F01F10 /* base_reversi_brownfield@5.png in Resources */,
				E438CE98176142EA00F01F10 /* base_reversi_sunandsnow.png in Resources */,
				E438CE99176142EA00F01F10 /* base_reversi_sunandsnow@2x.png in Resources */,
				E438CE9A176142EA00F01F10 /* base_reversi_sunandsnow@5.png in Resources */,
			);
			runOnlyForDeploymentPostprocessing = 0;
		};
/* End PBXResourcesBuildPhase section */

/* Begin PBXShellScriptBuildPhase section */
		304B58A110DAC018002A0835 /* Touch www folder */ = {
			isa = PBXShellScriptBuildPhase;
			buildActionMask = 2147483647;
			files = (
			);
			inputPaths = (
			);
			name = "Touch www folder";
			outputPaths = (
			);
			runOnlyForDeploymentPostprocessing = 0;
			shellPath = /bin/sh;
			shellScript = "touch -cm ${PROJECT_DIR}/www";
		};
/* End PBXShellScriptBuildPhase section */

/* Begin PBXSourcesBuildPhase section */
		1D60588E0D05DD3D006BFB54 /* Sources */ = {
			isa = PBXSourcesBuildPhase;
			buildActionMask = 2147483647;
			files = (
				1D60589B0D05DD56006BFB54 /* main.m in Sources */,
				1D3623260D0F684500981E51 /* AppDelegate.m in Sources */,
				302D95F114D2391D003F00A1 /* MainViewController.m in Sources */,
				E48899C8163DBAB0002F80E8 /* cordova-2.1.0.js in Sources */,
				E48899DC163DBAB0002F80E8 /* board.js in Sources */,
				E48899DD163DBAB0002F80E8 /* game.js in Sources */,
				E48899DE163DBAB0002F80E8 /* jquery-1.7.1.js in Sources */,
				E48899DF163DBAB0002F80E8 /* jquery.mobile.js in Sources */,
				E48899E0163DBAB0002F80E8 /* position.js in Sources */,
				E48899E1163DBAB0002F80E8 /* reversi.js in Sources */,
				E48899E3163DBAB0002F80E8 /* reversi.old.js in Sources */,
				E48899E4163DBAB0002F80E8 /* reversi.test.js in Sources */,
				E48899E5163DBAB0002F80E8 /* run.js in Sources */,
				E48899E6163DBAB0002F80E8 /* utils.js in Sources */,
				E48899F4163DBAB0002F80E8 /* helper.js in Sources */,
				E48899F5163DBAB0002F80E8 /* index.js in Sources */,
				E48899F6163DBAB0002F80E8 /* jasmine-html.js in Sources */,
				E48899F8163DBAB0002F80E8 /* jasmine.js in Sources */,
			);
			runOnlyForDeploymentPostprocessing = 0;
		};
/* End PBXSourcesBuildPhase section */

/* Begin PBXTargetDependency section */
		301BF551109A68C00062928A /* PBXTargetDependency */ = {
			isa = PBXTargetDependency;
			name = CordovaLib;
			targetProxy = 301BF550109A68C00062928A /* PBXContainerItemProxy */;
		};
/* End PBXTargetDependency section */

/* Begin PBXVariantGroup section */
		1F766FDC13BBADB100FB74C0 /* Localizable.strings */ = {
			isa = PBXVariantGroup;
			children = (
				1F766FDD13BBADB100FB74C0 /* en */,
			);
			name = Localizable.strings;
			sourceTree = "<group>";
		};
/* End PBXVariantGroup section */

/* Begin XCBuildConfiguration section */
		1D6058940D05DD3E006BFB54 /* Debug */ = {
			isa = XCBuildConfiguration;
			buildSettings = {
				ALWAYS_SEARCH_USER_PATHS = NO;
				CLANG_ENABLE_OBJC_ARC = NO;
				COPY_PHASE_STRIP = NO;
				GCC_DYNAMIC_NO_PIC = NO;
				GCC_OPTIMIZATION_LEVEL = 0;
				GCC_PRECOMPILE_PREFIX_HEADER = YES;
				GCC_PREFIX_HEADER = "reversi/FermoRev-Prefix.pch";
				GCC_THUMB_SUPPORT = NO;
				GCC_VERSION = com.apple.compilers.llvm.clang.1_0;
				INFOPLIST_FILE = "reversi/FermoRev-Info.plist";
				IPHONEOS_DEPLOYMENT_TARGET = 4.3;
				PRODUCT_NAME = FermoRev;
				TARGETED_DEVICE_FAMILY = "1,2";
			};
			name = Debug;
		};
		1D6058950D05DD3E006BFB54 /* Release */ = {
			isa = XCBuildConfiguration;
			buildSettings = {
				ALWAYS_SEARCH_USER_PATHS = NO;
				CLANG_ENABLE_OBJC_ARC = NO;
				CODE_SIGN_IDENTITY = "iPhone Distribution: Monica Giambitto";
				"CODE_SIGN_IDENTITY[sdk=iphoneos*]" = "iPhone Distribution: Monica Giambitto";
				COPY_PHASE_STRIP = YES;
				GCC_PRECOMPILE_PREFIX_HEADER = YES;
				GCC_PREFIX_HEADER = "reversi/FermoRev-Prefix.pch";
				GCC_THUMB_SUPPORT = NO;
				GCC_VERSION = com.apple.compilers.llvm.clang.1_0;
				INFOPLIST_FILE = "reversi/FermoRev-Info.plist";
				IPHONEOS_DEPLOYMENT_TARGET = 4.3;
				PRODUCT_NAME = FermoRev;
				PROVISIONING_PROFILE = "BD8D56A4-6AD6-42FE-8079-1F4045269C59";
				"PROVISIONING_PROFILE[sdk=iphoneos*]" = "BD8D56A4-6AD6-42FE-8079-1F4045269C59";
				TARGETED_DEVICE_FAMILY = "1,2";
			};
			name = Release;
		};
		C01FCF4F08A954540054247B /* Debug */ = {
			isa = XCBuildConfiguration;
			baseConfigurationReference = 307D28A1123043350040C0FA /* CordovaBuildSettings.xcconfig */;
			buildSettings = {
				"ARCHS[sdk=iphoneos*]" = (
					armv6,
					armv7,
				);
				"ARCHS[sdk=iphoneos6.*]" = armv7;
				"ARCHS[sdk=iphonesimulator*]" = i386;
				CLANG_WARN_CONSTANT_CONVERSION = YES;
				CLANG_WARN_ENUM_CONVERSION = YES;
				CLANG_WARN_INT_CONVERSION = YES;
				CLANG_WARN__DUPLICATE_METHOD_MATCH = YES;
				CODE_SIGN_IDENTITY = "iPhone Developer: Monica Giambitto (36RH4KL79U)";
				"CODE_SIGN_IDENTITY[sdk=iphoneos*]" = "iPhone Developer: Monica Giambitto (36RH4KL79U)";
				GCC_C_LANGUAGE_STANDARD = c99;
				GCC_THUMB_SUPPORT = NO;
				GCC_VERSION = com.apple.compilers.llvm.clang.1_0;
				GCC_WARN_ABOUT_RETURN_TYPE = YES;
				GCC_WARN_UNINITIALIZED_AUTOS = YES;
				GCC_WARN_UNUSED_VARIABLE = YES;
				HEADER_SEARCH_PATHS = (
					"\"$(TARGET_BUILD_DIR)/usr/local/lib/include\"",
					"\"$(OBJROOT)/UninstalledProducts/include\"",
					"\"$(BUILT_PRODUCTS_DIR)\"",
				);
				IPHONEOS_DEPLOYMENT_TARGET = 4.2;
				OTHER_LDFLAGS = (
					"-weak_framework",
					CoreFoundation,
					"-weak_framework",
					UIKit,
					"-weak_framework",
					AVFoundation,
					"-weak_framework",
					CoreMedia,
					"-weak-lSystem",
					"-all_load",
					"-Obj-C",
				);
				PROVISIONING_PROFILE = "23BD29B3-942A-4B44-AD62-305E4E8159FB";
				"PROVISIONING_PROFILE[sdk=iphoneos*]" = "23BD29B3-942A-4B44-AD62-305E4E8159FB";
				SDKROOT = iphoneos;
				SKIP_INSTALL = NO;
				TARGETED_DEVICE_FAMILY = "1,2";
				USER_HEADER_SEARCH_PATHS = "";
			};
			name = Debug;
		};
		C01FCF5008A954540054247B /* Release */ = {
			isa = XCBuildConfiguration;
			baseConfigurationReference = 307D28A1123043350040C0FA /* CordovaBuildSettings.xcconfig */;
			buildSettings = {
				"ARCHS[sdk=iphoneos*]" = (
					armv6,
					armv7,
				);
				"ARCHS[sdk=iphoneos6.*]" = armv7;
				"ARCHS[sdk=iphonesimulator*]" = i386;
				CLANG_WARN_CONSTANT_CONVERSION = YES;
				CLANG_WARN_ENUM_CONVERSION = YES;
				CLANG_WARN_INT_CONVERSION = YES;
				CLANG_WARN__DUPLICATE_METHOD_MATCH = YES;
				CODE_SIGN_IDENTITY = "iPhone Distribution: Monica Giambitto";
				"CODE_SIGN_IDENTITY[sdk=iphoneos*]" = "iPhone Distribution: Monica Giambitto";
				GCC_C_LANGUAGE_STANDARD = c99;
				GCC_THUMB_SUPPORT = NO;
				GCC_VERSION = com.apple.compilers.llvm.clang.1_0;
				GCC_WARN_ABOUT_RETURN_TYPE = YES;
				GCC_WARN_UNINITIALIZED_AUTOS = YES;
				GCC_WARN_UNUSED_VARIABLE = YES;
				HEADER_SEARCH_PATHS = (
					"\"$(TARGET_BUILD_DIR)/usr/local/lib/include\"",
					"\"$(OBJROOT)/UninstalledProducts/include\"/**",
					"\"$(BUILT_PRODUCTS_DIR)\"",
				);
				IPHONEOS_DEPLOYMENT_TARGET = 4.2;
				OTHER_LDFLAGS = (
					"-weak_framework",
					CoreFoundation,
					"-weak_framework",
					UIKit,
					"-weak_framework",
					AVFoundation,
					"-weak_framework",
					CoreMedia,
					"-weak-lSystem",
					"-all_load",
					"-Obj-C",
				);
				PROVISIONING_PROFILE = "C42E0FB1-D0BA-475D-AB0E-097000A36579";
				"PROVISIONING_PROFILE[sdk=iphoneos*]" = "C42E0FB1-D0BA-475D-AB0E-097000A36579";
				SDKROOT = iphoneos;
				SKIP_INSTALL = NO;
				TARGETED_DEVICE_FAMILY = "1,2";
				USER_HEADER_SEARCH_PATHS = "";
			};
			name = Release;
		};
/* End XCBuildConfiguration section */

/* Begin XCConfigurationList section */
		1D6058960D05DD3E006BFB54 /* Build configuration list for PBXNativeTarget "FermoRev" */ = {
			isa = XCConfigurationList;
			buildConfigurations = (
				1D6058940D05DD3E006BFB54 /* Debug */,
				1D6058950D05DD3E006BFB54 /* Release */,
			);
			defaultConfigurationIsVisible = 0;
			defaultConfigurationName = Release;
		};
		C01FCF4E08A954540054247B /* Build configuration list for PBXProject "FermoRev" */ = {
			isa = XCConfigurationList;
			buildConfigurations = (
				C01FCF4F08A954540054247B /* Debug */,
				C01FCF5008A954540054247B /* Release */,
			);
			defaultConfigurationIsVisible = 0;
			defaultConfigurationName = Release;
		};
/* End XCConfigurationList section */
	};
	rootObject = 29B97313FDCFA39411CA2CEA /* Project object */;
}
